{
  "name": "dynamic-cloud-dns",
  "version": "0.0.1",
  "lockfileVersion": 1,
  "requires": true,
  "dependencies": {
    "@google-cloud/common": {
      "version": "0.25.3",
      "resolved": "https://registry.npmjs.org/@google-cloud/common/-/common-0.25.3.tgz",
      "integrity": "sha512-ugNVJj+FKP9Sbx0aSPCTlXd2KKNlwqqD1MRl9gW9jZbU1uUsVu69Ev1KWvOBzKZvVhgHwAG4lTJryO802Og40Q==",
      "requires": {
        "@google-cloud/projectify": "^0.3.0",
        "@google-cloud/promisify": "^0.3.0",
        "@types/duplexify": "^3.5.0",
        "@types/request": "^2.47.0",
        "arrify": "^1.0.1",
        "duplexify": "^3.6.0",
        "ent": "^2.2.0",
        "extend": "^3.0.1",
        "google-auth-library": "^2.0.0",
        "is": "^3.2.1",
        "pify": "^4.0.0",
        "retry-request": "^4.0.0",
        "through2": "^2.0.3"
      }
    },
    "@google-cloud/dns": {
      "version": "0.8.0",
      "resolved": "https://registry.npmjs.org/@google-cloud/dns/-/dns-0.8.0.tgz",
      "integrity": "sha512-GOeui/QCXt9v/ii++U/5TLYNXYh4hIqpgWS75qDnj1vJv8W80WPy0R3dgLXE1AzGvYlrPTbOHG2Z4AarPELBAA==",
      "requires": {
        "@google-cloud/common": "^0.25.0",
        "@google-cloud/paginator": "^0.1.0",
        "@google-cloud/promisify": "^0.3.0",
        "arrify": "^1.0.1",
        "dns-zonefile": "0.2.2",
        "extend": "^3.0.0",
        "is": "^3.2.1",
        "lodash.flatten": "^4.4.0",
        "lodash.groupby": "^4.6.0",
        "methmeth": "^1.1.0",
        "propprop": "^0.3.1",
        "string-format-obj": "^1.1.1",
        "teeny-request": "^3.6.0"
      }
    },
    "@google-cloud/paginator": {
      "version": "0.1.2",
      "resolved": "https://registry.npmjs.org/@google-cloud/paginator/-/paginator-0.1.2.tgz",
      "integrity": "sha512-XL09cuPSEPyyNifavxWJRYkUFr5zCJ9njcFjqc1AqSQ2QIKycwdTxOP/zHsAWj0xN3rw1ApevA8o+8VAD4R6hw==",
      "requires": {
        "arrify": "^1.0.1",
        "extend": "^3.0.1",
        "is": "^3.2.1",
        "split-array-stream": "^2.0.0",
        "stream-events": "^1.0.4"
      }
    },
    "@google-cloud/projectify": {
      "version": "0.3.1",
      "resolved": "https://registry.npmjs.org/@google-cloud/projectify/-/projectify-0.3.1.tgz",
      "integrity": "sha512-HvugQ8fC87kTNGs9ZQTTEwrJt67zfero9lDQCukJvAC2IuIyS1/6h4NqHBZK9lOnsmfHTQYhPq7GD2vzWEcm6g=="
    },
    "@google-cloud/promisify": {
      "version": "0.3.1",
      "resolved": "https://registry.npmjs.org/@google-cloud/promisify/-/promisify-0.3.1.tgz",
      "integrity": "sha512-QzB0/IMvB0eFxFK7Eqh+bfC8NLv3E9ScjWQrPOk6GgfNroxcVITdTlT8NRsRrcp5+QQJVPLkRqKG0PUdaWXmHw=="
    },
    "@types/caseless": {
      "version": "0.12.1",
      "resolved": "https://registry.npmjs.org/@types/caseless/-/caseless-0.12.1.tgz",
      "integrity": "sha512-FhlMa34NHp9K5MY1Uz8yb+ZvuX0pnvn3jScRSNAb75KHGB8d3rEU6hqMs3Z2vjuytcMfRg6c5CHMc3wtYyD2/A=="
    },
    "@types/duplexify": {
      "version": "3.6.0",
      "resolved": "https://registry.npmjs.org/@types/duplexify/-/duplexify-3.6.0.tgz",
      "integrity": "sha512-5zOA53RUlzN74bvrSGwjudssD9F3a797sDZQkiYpUOxW+WHaXTCPz4/d5Dgi6FKnOqZ2CpaTo0DhgIfsXAOE/A==",
      "requires": {
        "@types/node": "*"
      }
    },
    "@types/form-data": {
      "version": "2.2.1",
      "resolved": "https://registry.npmjs.org/@types/form-data/-/form-data-2.2.1.tgz",
      "integrity": "sha512-JAMFhOaHIciYVh8fb5/83nmuO/AHwmto+Hq7a9y8FzLDcC1KCU344XDOMEmahnrTFlHjgh4L0WJFczNIX2GxnQ==",
      "requires": {
        "@types/node": "*"
      }
    },
    "@types/node": {
      "version": "10.12.2",
      "resolved": "https://registry.npmjs.org/@types/node/-/node-10.12.2.tgz",
      "integrity": "sha512-53ElVDSnZeFUUFIYzI8WLQ25IhWzb6vbddNp8UHlXQyU0ET2RhV5zg0NfubzU7iNMh5bBXb0htCzfvrSVNgzaQ=="
    },
    "@types/request": {
      "version": "2.48.1",
      "resolved": "https://registry.npmjs.org/@types/request/-/request-2.48.1.tgz",
      "integrity": "sha512-ZgEZ1TiD+KGA9LiAAPPJL68Id2UWfeSO62ijSXZjFJArVV+2pKcsVHmrcu+1oiE3q6eDGiFiSolRc4JHoerBBg==",
      "requires": {
        "@types/caseless": "*",
        "@types/form-data": "*",
        "@types/node": "*",
        "@types/tough-cookie": "*"
      }
    },
    "@types/tough-cookie": {
      "version": "2.3.4",
      "resolved": "https://registry.npmjs.org/@types/tough-cookie/-/tough-cookie-2.3.4.tgz",
      "integrity": "sha512-Set5ZdrAaKI/qHdFlVMgm/GsAv/wkXhSTuZFkJ+JI7HK+wIkIlOaUXSXieIvJ0+OvGIqtREFoE+NHJtEq0gtEw=="
    },
    "agent-base": {
      "version": "4.2.1",
      "resolved": "https://registry.npmjs.org/agent-base/-/agent-base-4.2.1.tgz",
      "integrity": "sha512-JVwXMr9nHYTUXsBFKUqhJwvlcYU/blreOEUkhNR2eXZIvwd+c+o5V4MgDPKWnMS/56awN3TRzIP+KoPn+roQtg==",
      "requires": {
        "es6-promisify": "^5.0.0"
      }
    },
    "arrify": {
      "version": "1.0.1",
      "resolved": "https://registry.npmjs.org/arrify/-/arrify-1.0.1.tgz",
      "integrity": "sha1-iYUI2iIm84DfkEcoRWhJwVAaSw0="
    },
    "axios": {
      "version": "0.18.0",
      "resolved": "http://registry.npmjs.org/axios/-/axios-0.18.0.tgz",
      "integrity": "sha1-MtU+SFHv3AoRmTts0AB4nXDAUQI=",
      "requires": {
        "follow-redirects": "^1.3.0",
        "is-buffer": "^1.1.5"
      }
    },
    "buffer-equal-constant-time": {
      "version": "1.0.1",
      "resolved": "https://registry.npmjs.org/buffer-equal-constant-time/-/buffer-equal-constant-time-1.0.1.tgz",
      "integrity": "sha1-+OcRMvf/5uAaXJaXpMbz5I1cyBk="
    },
    "core-util-is": {
      "version": "1.0.2",
      "resolved": "https://registry.npmjs.org/core-util-is/-/core-util-is-1.0.2.tgz",
      "integrity": "sha1-tf1UIgqivFq1eqtxQMlAdUUDwac="
    },
    "debug": {
      "version": "3.1.0",
      "resolved": "https://registry.npmjs.org/debug/-/debug-3.1.0.tgz",
      "integrity": "sha1-W7WgZyYotkFJVmuhaBnmFRjGcmE=",
      "requires": {
        "ms": "2.0.0"
      }
    },
    "dns-zonefile": {
      "version": "0.2.2",
      "resolved": "https://registry.npmjs.org/dns-zonefile/-/dns-zonefile-0.2.2.tgz",
      "integrity": "sha1-PqIQoYmgD3Zn93Cnl0KNjmYnJn8="
    },
    "duplexify": {
      "version": "3.6.1",
      "resolved": "https://registry.npmjs.org/duplexify/-/duplexify-3.6.1.tgz",
      "integrity": "sha512-vM58DwdnKmty+FSPzT14K9JXb90H+j5emaR4KYbr2KTIz00WHGbWOe5ghQTx233ZCLZtrGDALzKwcjEtSt35mA==",
      "requires": {
        "end-of-stream": "^1.0.0",
        "inherits": "^2.0.1",
        "readable-stream": "^2.0.0",
        "stream-shift": "^1.0.0"
      }
    },
    "ecdsa-sig-formatter": {
      "version": "1.0.10",
      "resolved": "https://registry.npmjs.org/ecdsa-sig-formatter/-/ecdsa-sig-formatter-1.0.10.tgz",
      "integrity": "sha1-HFlQAPBKiJffuFAAiSoPTDOvhsM=",
      "requires": {
        "safe-buffer": "^5.0.1"
      }
    },
    "end-of-stream": {
      "version": "1.4.1",
      "resolved": "https://registry.npmjs.org/end-of-stream/-/end-of-stream-1.4.1.tgz",
      "integrity": "sha512-1MkrZNvWTKCaigbn+W15elq2BB/L22nqrSY5DKlo3X6+vclJm8Bb5djXJBmEX6fS3+zCh/F4VBK5Z2KxJt4s2Q==",
      "requires": {
        "once": "^1.4.0"
      }
    },
    "ent": {
      "version": "2.2.0",
      "resolved": "https://registry.npmjs.org/ent/-/ent-2.2.0.tgz",
      "integrity": "sha1-6WQhkyWiHQX0RGai9obtbOX13R0="
    },
    "es6-promise": {
      "version": "4.2.5",
      "resolved": "https://registry.npmjs.org/es6-promise/-/es6-promise-4.2.5.tgz",
      "integrity": "sha512-n6wvpdE43VFtJq+lUDYDBFUwV8TZbuGXLV4D6wKafg13ldznKsyEvatubnmUe31zcvelSzOHF+XbaT+Bl9ObDg=="
    },
    "es6-promisify": {
      "version": "5.0.0",
      "resolved": "http://registry.npmjs.org/es6-promisify/-/es6-promisify-5.0.0.tgz",
      "integrity": "sha1-UQnWLz5W6pZ8S2NQWu8IKRyKUgM=",
      "requires": {
        "es6-promise": "^4.0.3"
      }
    },
    "extend": {
      "version": "3.0.2",
      "resolved": "https://registry.npmjs.org/extend/-/extend-3.0.2.tgz",
      "integrity": "sha512-fjquC59cD7CyW6urNXK0FBufkZcoiGG80wTuPujX590cB5Ttln20E2UB4S/WARVqhXffZl2LNgS+gQdPIIim/g=="
    },
    "follow-redirects": {
      "version": "1.5.9",
      "resolved": "https://registry.npmjs.org/follow-redirects/-/follow-redirects-1.5.9.tgz",
      "integrity": "sha512-Bh65EZI/RU8nx0wbYF9shkFZlqLP+6WT/5FnA3cE/djNSuKNHJEinGGZgu/cQEkeeb2GdFOgenAmn8qaqYke2w==",
      "requires": {
        "debug": "=3.1.0"
      }
    },
    "gcp-metadata": {
      "version": "0.7.0",
      "resolved": "https://registry.npmjs.org/gcp-metadata/-/gcp-metadata-0.7.0.tgz",
      "integrity": "sha512-ffjC09amcDWjh3VZdkDngIo7WoluyC5Ag9PAYxZbmQLOLNI8lvPtoKTSCyU54j2gwy5roZh6sSMTfkY2ct7K3g==",
      "requires": {
        "axios": "^0.18.0",
        "extend": "^3.0.1",
        "retry-axios": "0.3.2"
      }
    },
    "google-auth-library": {
      "version": "2.0.1",
      "resolved": "https://registry.npmjs.org/google-auth-library/-/google-auth-library-2.0.1.tgz",
      "integrity": "sha512-CWLKZxqYw4SE+fE3GWbVT9r/10h75w8lB3cdmmLpLtCfccFDcsI84qI5rx7npemlrHtKJh3C2HUz4s6SihCeIQ==",
      "requires": {
        "axios": "^0.18.0",
        "gcp-metadata": "^0.7.0",
        "gtoken": "^2.3.0",
        "https-proxy-agent": "^2.2.1",
        "jws": "^3.1.5",
        "lodash.isstring": "^4.0.1",
        "lru-cache": "^4.1.3",
        "semver": "^5.5.0"
      }
    },
    "google-p12-pem": {
      "version": "1.0.2",
      "resolved": "https://registry.npmjs.org/google-p12-pem/-/google-p12-pem-1.0.2.tgz",
      "integrity": "sha512-+EuKr4CLlGsnXx4XIJIVkcKYrsa2xkAmCvxRhX2HsazJzUBAJ35wARGeApHUn4nNfPD03Vl057FskNr20VaCyg==",
      "requires": {
        "node-forge": "^0.7.4",
        "pify": "^3.0.0"
      },
      "dependencies": {
        "pify": {
          "version": "3.0.0",
          "resolved": "https://registry.npmjs.org/pify/-/pify-3.0.0.tgz",
          "integrity": "sha1-5aSs0sEB/fPZpNB/DbxNtJ3SgXY="
        }
      }
    },
    "gtoken": {
      "version": "2.3.0",
      "resolved": "https://registry.npmjs.org/gtoken/-/gtoken-2.3.0.tgz",
      "integrity": "sha512-Jc9/8mV630cZE9FC5tIlJCZNdUjwunvlwOtCz6IDlaiB4Sz68ki29a1+q97sWTnTYroiuF9B135rod9zrQdHLw==",
      "requires": {
        "axios": "^0.18.0",
        "google-p12-pem": "^1.0.0",
        "jws": "^3.1.4",
        "mime": "^2.2.0",
        "pify": "^3.0.0"
      },
      "dependencies": {
        "pify": {
          "version": "3.0.0",
          "resolved": "https://registry.npmjs.org/pify/-/pify-3.0.0.tgz",
          "integrity": "sha1-5aSs0sEB/fPZpNB/DbxNtJ3SgXY="
        }
      }
    },
    "https-proxy-agent": {
      "version": "2.2.1",
      "resolved": "https://registry.npmjs.org/https-proxy-agent/-/https-proxy-agent-2.2.1.tgz",
      "integrity": "sha512-HPCTS1LW51bcyMYbxUIOO4HEOlQ1/1qRaFWcyxvwaqUS9TY88aoEuHUY33kuAh1YhVVaDQhLZsnPd+XNARWZlQ==",
      "requires": {
        "agent-base": "^4.1.0",
        "debug": "^3.1.0"
      }
    },
    "inherits": {
      "version": "2.0.3",
      "resolved": "https://registry.npmjs.org/inherits/-/inherits-2.0.3.tgz",
      "integrity": "sha1-Yzwsg+PaQqUC9SRmAiSA9CCCYd4="
    },
    "ip": {
      "version": "1.1.5",
      "resolved": "https://registry.npmjs.org/ip/-/ip-1.1.5.tgz",
      "integrity": "sha1-vd7XARQpCCjAoDnnLvJfWq7ENUo="
    },
    "is": {
      "version": "3.2.1",
      "resolved": "https://registry.npmjs.org/is/-/is-3.2.1.tgz",
      "integrity": "sha1-0Kwq1V63sL7JJqUmb2xmKqqD3KU="
    },
    "is-buffer": {
      "version": "1.1.6",
      "resolved": "https://registry.npmjs.org/is-buffer/-/is-buffer-1.1.6.tgz",
      "integrity": "sha512-NcdALwpXkTm5Zvvbk7owOUSvVvBKDgKP5/ewfXEznmQFfs4ZRmanOeKBTjRVjka3QFoN6XJ+9F3USqfHqTaU5w=="
    },
    "is-stream-ended": {
      "version": "0.1.4",
      "resolved": "https://registry.npmjs.org/is-stream-ended/-/is-stream-ended-0.1.4.tgz",
      "integrity": "sha512-xj0XPvmr7bQFTvirqnFr50o0hQIh6ZItDqloxt5aJrR4NQsYeSsyFQERYGCAzfindAcnKjINnwEEgLx4IqVzQw=="
    },
    "isarray": {
      "version": "1.0.0",
      "resolved": "https://registry.npmjs.org/isarray/-/isarray-1.0.0.tgz",
      "integrity": "sha1-u5NdSFgsuhaMBoNJV6VKPgcSTxE="
    },
    "jwa": {
      "version": "1.1.6",
      "resolved": "https://registry.npmjs.org/jwa/-/jwa-1.1.6.tgz",
      "integrity": "sha512-tBO/cf++BUsJkYql/kBbJroKOgHWEigTKBAjjBEmrMGYd1QMBC74Hr4Wo2zCZw6ZrVhlJPvoMrkcOnlWR/DJfw==",
      "requires": {
        "buffer-equal-constant-time": "1.0.1",
        "ecdsa-sig-formatter": "1.0.10",
        "safe-buffer": "^5.0.1"
      }
    },
    "jws": {
      "version": "3.1.5",
      "resolved": "https://registry.npmjs.org/jws/-/jws-3.1.5.tgz",
      "integrity": "sha512-GsCSexFADNQUr8T5HPJvayTjvPIfoyJPtLQBwn5a4WZQchcrPMPMAWcC1AzJVRDKyD6ZPROPAxgv6rfHViO4uQ==",
      "requires": {
        "jwa": "^1.1.5",
        "safe-buffer": "^5.0.1"
      }
    },
    "lodash.flatten": {
      "version": "4.4.0",
      "resolved": "https://registry.npmjs.org/lodash.flatten/-/lodash.flatten-4.4.0.tgz",
      "integrity": "sha1-8xwiIlqWMtK7+OSt2+8kCqdlph8="
    },
    "lodash.groupby": {
      "version": "4.6.0",
      "resolved": "https://registry.npmjs.org/lodash.groupby/-/lodash.groupby-4.6.0.tgz",
      "integrity": "sha1-Cwih3PaDl8OXhVwyOXg4Mt90A9E="
    },
    "lodash.isstring": {
      "version": "4.0.1",
      "resolved": "https://registry.npmjs.org/lodash.isstring/-/lodash.isstring-4.0.1.tgz",
      "integrity": "sha1-1SfftUVuynzJu5XV2ur4i6VKVFE="
    },
    "lru-cache": {
      "version": "4.1.3",
      "resolved": "https://registry.npmjs.org/lru-cache/-/lru-cache-4.1.3.tgz",
      "integrity": "sha512-fFEhvcgzuIoJVUF8fYr5KR0YqxD238zgObTps31YdADwPPAp82a4M8TrckkWyx7ekNlf9aBcVn81cFwwXngrJA==",
      "requires": {
        "pseudomap": "^1.0.2",
        "yallist": "^2.1.2"
      }
    },
    "methmeth": {
      "version": "1.1.0",
      "resolved": "https://registry.npmjs.org/methmeth/-/methmeth-1.1.0.tgz",
      "integrity": "sha1-6AomYY5S9cQiKGG7dIUQvRDikIk="
    },
    "mime": {
      "version": "2.3.1",
      "resolved": "https://registry.npmjs.org/mime/-/mime-2.3.1.tgz",
      "integrity": "sha512-OEUllcVoydBHGN1z84yfQDimn58pZNNNXgZlHXSboxMlFvgI6MXSWpWKpFRra7H1HxpVhHTkrghfRW49k6yjeg=="
    },
    "ms": {
      "version": "2.0.0",
      "resolved": "https://registry.npmjs.org/ms/-/ms-2.0.0.tgz",
      "integrity": "sha1-VgiurfwAvmwpAd9fmGF4jeDVl8g="
    },
    "node-fetch": {
      "version": "2.2.1",
      "resolved": "https://registry.npmjs.org/node-fetch/-/node-fetch-2.2.1.tgz",
      "integrity": "sha512-ObXBpNCD3A/vYQiQtEWl7DuqjAXjfptYFuGHLdPl5U19/6kJuZV+8uMHLrkj3wJrJoyfg4nhgyFixZdaZoAiEQ=="
    },
    "node-forge": {
      "version": "0.7.6",
      "resolved": "https://registry.npmjs.org/node-forge/-/node-forge-0.7.6.tgz",
      "integrity": "sha512-sol30LUpz1jQFBjOKwbjxijiE3b6pjd74YwfD0fJOKPjF+fONKb2Yg8rYgS6+bK6VDl+/wfr4IYpC7jDzLUIfw=="
    },
    "once": {
      "version": "1.4.0",
      "resolved": "https://registry.npmjs.org/once/-/once-1.4.0.tgz",
      "integrity": "sha1-WDsap3WWHUsROsF9nFC6753Xa9E=",
      "requires": {
        "wrappy": "1"
      }
    },
    "pify": {
      "version": "4.0.1",
      "resolved": "https://registry.npmjs.org/pify/-/pify-4.0.1.tgz",
      "integrity": "sha512-uB80kBFb/tfd68bVleG9T5GGsGPjJrLAUpR5PZIrhBnIaRTQRjqdJSsIKkOP6OAIFbj7GOrcudc5pNjZ+geV2g=="
    },
    "process-nextick-args": {
      "version": "2.0.0",
      "resolved": "https://registry.npmjs.org/process-nextick-args/-/process-nextick-args-2.0.0.tgz",
      "integrity": "sha512-MtEC1TqN0EU5nephaJ4rAtThHtC86dNN9qCuEhtshvpVBkAW5ZO7BASN9REnF9eoXGcRub+pFuKEpOHE+HbEMw=="
    },
    "propprop": {
      "version": "0.3.1",
      "resolved": "https://registry.npmjs.org/propprop/-/propprop-0.3.1.tgz",
      "integrity": "sha1-oEmjVouJZEAGfRXY7J8zc15XAXg="
    },
    "pseudomap": {
      "version": "1.0.2",
      "resolved": "https://registry.npmjs.org/pseudomap/-/pseudomap-1.0.2.tgz",
      "integrity": "sha1-8FKijacOYYkX7wqKw0wa5aaChrM="
    },
    "readable-stream": {
      "version": "2.3.6",
      "resolved": "http://registry.npmjs.org/readable-stream/-/readable-stream-2.3.6.tgz",
      "integrity": "sha512-tQtKA9WIAhBF3+VLAseyMqZeBjW0AHJoxOtYqSUZNJxauErmLbVm2FW1y+J/YA9dUrAC39ITejlZWhVIwawkKw==",
      "requires": {
        "core-util-is": "~1.0.0",
        "inherits": "~2.0.3",
        "isarray": "~1.0.0",
        "process-nextick-args": "~2.0.0",
        "safe-buffer": "~5.1.1",
        "string_decoder": "~1.1.1",
        "util-deprecate": "~1.0.1"
      }
    },
    "retry-axios": {
      "version": "0.3.2",
      "resolved": "https://registry.npmjs.org/retry-axios/-/retry-axios-0.3.2.tgz",
      "integrity": "sha512-jp4YlI0qyDFfXiXGhkCOliBN1G7fRH03Nqy8YdShzGqbY5/9S2x/IR6C88ls2DFkbWuL3ASkP7QD3pVrNpPgwQ=="
    },
    "retry-request": {
      "version": "4.0.0",
      "resolved": "https://registry.npmjs.org/retry-request/-/retry-request-4.0.0.tgz",
      "integrity": "sha512-S4HNLaWcMP6r8E4TMH52Y7/pM8uNayOcTDDQNBwsCccL1uI+Ol2TljxRDPzaNfbhOB30+XWP5NnZkB3LiJxi1w==",
      "requires": {
        "through2": "^2.0.0"
      }
    },
    "safe-buffer": {
      "version": "5.1.2",
      "resolved": "https://registry.npmjs.org/safe-buffer/-/safe-buffer-5.1.2.tgz",
      "integrity": "sha512-Gd2UZBJDkXlY7GbJxfsE8/nvKkUEU1G38c1siN6QP6a9PT9MmHB8GnpscSmMJSoF8LOIrt8ud/wPtojys4G6+g=="
    },
    "semver": {
      "version": "5.6.0",
      "resolved": "https://registry.npmjs.org/semver/-/semver-5.6.0.tgz",
      "integrity": "sha512-RS9R6R35NYgQn++fkDWaOmqGoj4Ek9gGs+DPxNUZKuwE183xjJroKvyo1IzVFeXvUrvmALy6FWD5xrdJT25gMg=="
    },
    "split-array-stream": {
      "version": "2.0.0",
      "resolved": "https://registry.npmjs.org/split-array-stream/-/split-array-stream-2.0.0.tgz",
      "integrity": "sha512-hmMswlVY91WvGMxs0k8MRgq8zb2mSen4FmDNc5AFiTWtrBpdZN6nwD6kROVe4vNL+ywrvbCKsWVCnEd4riELIg==",
      "requires": {
        "is-stream-ended": "^0.1.4"
      }
    },
    "stream-events": {
      "version": "1.0.5",
      "resolved": "https://registry.npmjs.org/stream-events/-/stream-events-1.0.5.tgz",
      "integrity": "sha512-E1GUzBSgvct8Jsb3v2X15pjzN1tYebtbLaMg+eBOUOAxgbLoSbT2NS91ckc5lJD1KfLjId+jXJRgo0qnV5Nerg==",
      "requires": {
        "stubs": "^3.0.0"
      }
    },
    "stream-shift": {
      "version": "1.0.0",
      "resolved": "https://registry.npmjs.org/stream-shift/-/stream-shift-1.0.0.tgz",
      "integrity": "sha1-1cdSgl5TZ+eG944Y5EXqIjoVWVI="
    },
    "string-format-obj": {
      "version": "1.1.1",
      "resolved": "https://registry.npmjs.org/string-format-obj/-/string-format-obj-1.1.1.tgz",
      "integrity": "sha512-Mm+sROy+pHJmx0P/0Bs1uxIX6UhGJGj6xDGQZ5zh9v/SZRmLGevp+p0VJxV7lirrkAmQ2mvva/gHKpnF/pTb+Q=="
    },
    "string_decoder": {
      "version": "1.1.1",
      "resolved": "https://registry.npmjs.org/string_decoder/-/string_decoder-1.1.1.tgz",
      "integrity": "sha512-n/ShnvDi6FHbbVfviro+WojiFzv+s8MPMHBczVePfUpDJLwoLT0ht1l4YwBCbi8pJAveEEdnkHyPyTP/mzRfwg==",
      "requires": {
        "safe-buffer": "~5.1.0"
      }
    },
    "stubs": {
      "version": "3.0.0",
      "resolved": "https://registry.npmjs.org/stubs/-/stubs-3.0.0.tgz",
      "integrity": "sha1-6NK6H6nJBXAwPAMLaQD31fiavls="
    },
    "teeny-request": {
      "version": "3.11.0",
      "resolved": "https://registry.npmjs.org/teeny-request/-/teeny-request-3.11.0.tgz",
      "integrity": "sha512-bBULmB5Lk2RaEdz2MJMl4+T5+IHSZojDV9ZrxcIv5q1xJvHwCqhfS5nE3JR1D+a4cl6Anhj61CHNuiTM6SRnyg==",
      "requires": {
        "https-proxy-agent": "^2.2.1",
        "node-fetch": "^2.2.0",
        "uuid": "^3.3.2"
      }
    },
    "through2": {
      "version": "2.0.4",
      "resolved": "https://registry.npmjs.org/through2/-/through2-2.0.4.tgz",
      "integrity": "sha512-q030OX7royN1Bo549nYMOpKwiGJIzUppv10IgB6ALN6DiJ/XgsRIehiz18x5RWCA3+s4G6ovKqtzgU+pYhjvvg==",
      "requires": {
        "readable-stream": "2 || 3",
        "xtend": "~4.0.1"
      }
    },
    "util-deprecate": {
      "version": "1.0.2",
      "resolved": "https://registry.npmjs.org/util-deprecate/-/util-deprecate-1.0.2.tgz",
      "integrity": "sha1-RQ1Nyfpw3nMnYvvS1KKJgUGaDM8="
    },
    "uuid": {
      "version": "3.3.2",
      "resolved": "https://registry.npmjs.org/uuid/-/uuid-3.3.2.tgz",
      "integrity": "sha512-yXJmeNaw3DnnKAOKJE51sL/ZaYfWJRl1pK9dr19YFCu0ObS231AB1/LbqTKRAQ5kw8A90rA6fr4riOUpTZvQZA=="
    },
    "wrappy": {
      "version": "1.0.2",
      "resolved": "https://registry.npmjs.org/wrappy/-/wrappy-1.0.2.tgz",
      "integrity": "sha1-tSQ9jz7BqjXxNkYFvA0QNuMKtp8="
    },
    "xtend": {
      "version": "4.0.1",
      "resolved": "https://registry.npmjs.org/xtend/-/xtend-4.0.1.tgz",
      "integrity": "sha1-pcbVMr5lbiPbgg77lDofBJmNY68="
    },
    "yallist": {
      "version": "2.1.2",
      "resolved": "https://registry.npmjs.org/yallist/-/yallist-2.1.2.tgz",
      "integrity": "sha1-HBH5IY8HYImkfdUS+TxmmaaoHVI="
    }
  }
}
